
Microsoft Visual Studio Solution File, Format Version 12.00
# Visual Studio 15
VisualStudioVersion = 15.0.28307.572
MinimumVisualStudioVersion = 10.0.40219.1
Project("{FAE04EC0-301F-11D3-BF4B-00C04F79EFBC}") = "NbtLib", "Source\NbtLib\NbtLib.csproj", "{999E6EC5-F0C7-4C5B-A78C-16D6A12FE659}"
EndProject
Global
	GlobalSection(SolutionConfigurationPlatforms) = preSolution
		Debug|Any CPU = Debug|Any CPU
		Release|Any CPU = Release|Any CPU
	EndGlobalSection
	GlobalSection(ProjectConfigurationPlatforms) = postSolution
		{999E6EC5-F0C7-4C5B-A78C-16D6A12FE659}.Debug|Any CPU.ActiveCfg = Debug|Any CPU
		{999E6EC5-F0C7-4C5B-A78C-16D6A12FE659}.Debug|Any CPU.Build.0 = Debug|Any CPU
		{999E6EC5-F0C7-4C5B-A78C-16D6A12FE659}.Release|Any CPU.ActiveCfg = Release|Any CPU
		{999E6EC5-F0C7-4C5B-A78C-16D6A12FE659}.Release|Any CPU.Build.0 = Release|Any CPU
	EndGlobalSection
	GlobalSection(SolutionProperties) = preSolution
		HideSolutionNode = FALSE
	EndGlobalSection
	GlobalSection(ExtensibilityGlobals) = postSolution
		SolutionGuid = {642971B8-C37C-4DE6-BDD3-E73A0CFDCFDD}
	EndGlobalSection
EndGlobal
